
Microsoft Visual Studio Solution File, Format Version 12.00
# Visual Studio Version 17
VisualStudioVersion = 17.0.31903.59
MinimumVisualStudioVersion = 10.0.40219.1
Project("{FAE04EC0-301F-11D3-BF4B-00C04F79EFBC}") = "CatalogChallengeNet8.Application", "src\CatalogChallengeNet8.Application\CatalogChallengeNet8.Application.csproj", "{626A6C7D-6E68-E060-7FAA-7E0ADE3D22BC}"
EndProject
Project("{FAE04EC0-301F-11D3-BF4B-00C04F79EFBC}") = "CatalogChallengeNet8.Domain", "src\CatalogChallengeNet8.Domain\CatalogChallengeNet8.Domain.csproj", "{41C90B1E-02A0-2891-EB68-27CCDADB8CE6}"
EndProject
Project("{FAE04EC0-301F-11D3-BF4B-00C04F79EFBC}") = "CatalogChallengeNet8.Infrastructure", "src\CatalogChallengeNet8.Infrastructure\CatalogChallengeNet8.Infrastructure.csproj", "{3FEC6A10-06BF-44B8-E136-020FF0874B81}"
EndProject
Project("{FAE04EC0-301F-11D3-BF4B-00C04F79EFBC}") = "CatalogChallengeNet8.Tests", "tests\CatalogChallengeNet8.Tests\CatalogChallengeNet8.Tests.csproj", "{92ACC8B5-5483-9723-4A46-1D61001933FB}"
EndProject
Project("{FAE04EC0-301F-11D3-BF4B-00C04F79EFBC}") = "CatalogChallengeNet8.DataImporter", "src\CatalogChallengeNet8.DataImporter\CatalogChallengeNet8.DataImporter.csproj", "{FFCE3559-B6CC-4DC2-8602-F090C40A9C06}"
EndProject
Project("{2150E333-8FDC-42A3-9474-1A3956D46DE8}") = "Elementos de la solución", "Elementos de la solución", "{D107F4C8-89CC-BEA8-D3D7-CA6B7733353D}"
	ProjectSection(SolutionItems) = preProject
		.github\workflows\ci.yml = .github\workflows\ci.yml
		docker-compose.yml = docker-compose.yml
		README.md = README.md
	EndProjectSection
EndProject
Project("{FAE04EC0-301F-11D3-BF4B-00C04F79EFBC}") = "CatalogChallengeNet8.API", "src\CatalogChallengeNet8.API\CatalogChallengeNet8.API.csproj", "{E837E3E1-A1CC-468A-A6B2-E843D99A723A}"
EndProject
Global
	GlobalSection(SolutionConfigurationPlatforms) = preSolution
		Debug|Any CPU = Debug|Any CPU
		Release|Any CPU = Release|Any CPU
	EndGlobalSection
	GlobalSection(ProjectConfigurationPlatforms) = postSolution
		{626A6C7D-6E68-E060-7FAA-7E0ADE3D22BC}.Debug|Any CPU.ActiveCfg = Debug|Any CPU
		{626A6C7D-6E68-E060-7FAA-7E0ADE3D22BC}.Debug|Any CPU.Build.0 = Debug|Any CPU
		{626A6C7D-6E68-E060-7FAA-7E0ADE3D22BC}.Release|Any CPU.ActiveCfg = Release|Any CPU
		{626A6C7D-6E68-E060-7FAA-7E0ADE3D22BC}.Release|Any CPU.Build.0 = Release|Any CPU
		{41C90B1E-02A0-2891-EB68-27CCDADB8CE6}.Debug|Any CPU.ActiveCfg = Debug|Any CPU
		{41C90B1E-02A0-2891-EB68-27CCDADB8CE6}.Debug|Any CPU.Build.0 = Debug|Any CPU
		{41C90B1E-02A0-2891-EB68-27CCDADB8CE6}.Release|Any CPU.ActiveCfg = Release|Any CPU
		{41C90B1E-02A0-2891-EB68-27CCDADB8CE6}.Release|Any CPU.Build.0 = Release|Any CPU
		{3FEC6A10-06BF-44B8-E136-020FF0874B81}.Debug|Any CPU.ActiveCfg = Debug|Any CPU
		{3FEC6A10-06BF-44B8-E136-020FF0874B81}.Debug|Any CPU.Build.0 = Debug|Any CPU
		{3FEC6A10-06BF-44B8-E136-020FF0874B81}.Release|Any CPU.ActiveCfg = Release|Any CPU
		{3FEC6A10-06BF-44B8-E136-020FF0874B81}.Release|Any CPU.Build.0 = Release|Any CPU
		{92ACC8B5-5483-9723-4A46-1D61001933FB}.Debug|Any CPU.ActiveCfg = Debug|Any CPU
		{92ACC8B5-5483-9723-4A46-1D61001933FB}.Debug|Any CPU.Build.0 = Debug|Any CPU
		{92ACC8B5-5483-9723-4A46-1D61001933FB}.Release|Any CPU.ActiveCfg = Release|Any CPU
		{92ACC8B5-5483-9723-4A46-1D61001933FB}.Release|Any CPU.Build.0 = Release|Any CPU
		{FFCE3559-B6CC-4DC2-8602-F090C40A9C06}.Debug|Any CPU.ActiveCfg = Debug|Any CPU
		{FFCE3559-B6CC-4DC2-8602-F090C40A9C06}.Debug|Any CPU.Build.0 = Debug|Any CPU
		{FFCE3559-B6CC-4DC2-8602-F090C40A9C06}.Release|Any CPU.ActiveCfg = Release|Any CPU
		{FFCE3559-B6CC-4DC2-8602-F090C40A9C06}.Release|Any CPU.Build.0 = Release|Any CPU
		{E837E3E1-A1CC-468A-A6B2-E843D99A723A}.Debug|Any CPU.ActiveCfg = Debug|Any CPU
		{E837E3E1-A1CC-468A-A6B2-E843D99A723A}.Debug|Any CPU.Build.0 = Debug|Any CPU
		{E837E3E1-A1CC-468A-A6B2-E843D99A723A}.Release|Any CPU.ActiveCfg = Release|Any CPU
		{E837E3E1-A1CC-468A-A6B2-E843D99A723A}.Release|Any CPU.Build.0 = Release|Any CPU
	EndGlobalSection
	GlobalSection(SolutionProperties) = preSolution
		HideSolutionNode = FALSE
	EndGlobalSection
	GlobalSection(ExtensibilityGlobals) = postSolution
		SolutionGuid = {DF5304B2-CBA6-4490-A2E4-5A79674178B5}
	EndGlobalSection
EndGlobal
